
Microsoft Visual Studio Solution File, Format Version 12.00
# Visual Studio Version 16
VisualStudioVersion = 16.0.31205.134
MinimumVisualStudioVersion = 10.0.40219.1
Project("{9A19103F-16F7-4668-BE54-9A1E7A4F7556}") = "Q.Less.Transport.Api", "Q.Less.Transport.Api\Q.Less.Transport.Api.csproj", "{7F10C3F1-6B8B-4EEA-AA1D-4AF9818A7BE8}"
EndProject
Project("{FAE04EC0-301F-11D3-BF4B-00C04F79EFBC}") = "Q.Less.Transport.Api.Tests", "Q.Less.Transport.Api.Tests\Q.Less.Transport.Api.Tests.csproj", "{CBB07E4D-8345-4634-9EB2-63BB412C28BB}"
EndProject
Global
	GlobalSection(SolutionConfigurationPlatforms) = preSolution
		Debug|Any CPU = Debug|Any CPU
		Release|Any CPU = Release|Any CPU
	EndGlobalSection
	GlobalSection(ProjectConfigurationPlatforms) = postSolution
		{7F10C3F1-6B8B-4EEA-AA1D-4AF9818A7BE8}.Debug|Any CPU.ActiveCfg = Debug|Any CPU
		{7F10C3F1-6B8B-4EEA-AA1D-4AF9818A7BE8}.Debug|Any CPU.Build.0 = Debug|Any CPU
		{7F10C3F1-6B8B-4EEA-AA1D-4AF9818A7BE8}.Release|Any CPU.ActiveCfg = Release|Any CPU
		{7F10C3F1-6B8B-4EEA-AA1D-4AF9818A7BE8}.Release|Any CPU.Build.0 = Release|Any CPU
		{CBB07E4D-8345-4634-9EB2-63BB412C28BB}.Debug|Any CPU.ActiveCfg = Debug|Any CPU
		{CBB07E4D-8345-4634-9EB2-63BB412C28BB}.Debug|Any CPU.Build.0 = Debug|Any CPU
		{CBB07E4D-8345-4634-9EB2-63BB412C28BB}.Release|Any CPU.ActiveCfg = Release|Any CPU
		{CBB07E4D-8345-4634-9EB2-63BB412C28BB}.Release|Any CPU.Build.0 = Release|Any CPU
	EndGlobalSection
	GlobalSection(SolutionProperties) = preSolution
		HideSolutionNode = FALSE
	EndGlobalSection
	GlobalSection(ExtensibilityGlobals) = postSolution
		SolutionGuid = {034A2DC3-2AA0-439E-A771-C14966BAEBBE}
	EndGlobalSection
EndGlobal
